
Microsoft Visual Studio Solution File, Format Version 12.00
# Visual Studio Version 16
VisualStudioVersion = 16.0.30413.136
MinimumVisualStudioVersion = 10.0.40219.1
Project("{FAE04EC0-301F-11D3-BF4B-00C04F79EFBC}") = "RSWebApi", "RSWebApi\RSWebApi.csproj", "{D9A5A61A-FFD6-413F-A519-9C13B6CCDEB0}"
EndProject
Global
	GlobalSection(SolutionConfigurationPlatforms) = preSolution
		Debug|Any CPU = Debug|Any CPU
		Release|Any CPU = Release|Any CPU
	EndGlobalSection
	GlobalSection(ProjectConfigurationPlatforms) = postSolution
		{D9A5A61A-FFD6-413F-A519-9C13B6CCDEB0}.Debug|Any CPU.ActiveCfg = Debug|Any CPU
		{D9A5A61A-FFD6-413F-A519-9C13B6CCDEB0}.Debug|Any CPU.Build.0 = Debug|Any CPU
		{D9A5A61A-FFD6-413F-A519-9C13B6CCDEB0}.Release|Any CPU.ActiveCfg = Release|Any CPU
		{D9A5A61A-FFD6-413F-A519-9C13B6CCDEB0}.Release|Any CPU.Build.0 = Release|Any CPU
	EndGlobalSection
	GlobalSection(SolutionProperties) = preSolution
		HideSolutionNode = FALSE
	EndGlobalSection
	GlobalSection(ExtensibilityGlobals) = postSolution
		SolutionGuid = {9D6E0D82-220A-44AF-9D41-CBCFFE843B25}
	EndGlobalSection
EndGlobal
